
Microsoft Visual Studio Solution File, Format Version 12.00
# Visual Studio Version 17
VisualStudioVersion = 17.10.35004.147
MinimumVisualStudioVersion = 10.0.40219.1
Project("{FAE04EC0-301F-11D3-BF4B-00C04F79EFBC}") = "Guiao1", "Guiao1\Guiao1.csproj", "{CA34B758-7BE6-41EC-8A4C-0D595B3135CF}"
EndProject
Global
	GlobalSection(SolutionConfigurationPlatforms) = preSolution
		Debug|Any CPU = Debug|Any CPU
		Release|Any CPU = Release|Any CPU
	EndGlobalSection
	GlobalSection(ProjectConfigurationPlatforms) = postSolution
		{CA34B758-7BE6-41EC-8A4C-0D595B3135CF}.Debug|Any CPU.ActiveCfg = Debug|Any CPU
		{CA34B758-7BE6-41EC-8A4C-0D595B3135CF}.Debug|Any CPU.Build.0 = Debug|Any CPU
		{CA34B758-7BE6-41EC-8A4C-0D595B3135CF}.Release|Any CPU.ActiveCfg = Release|Any CPU
		{CA34B758-7BE6-41EC-8A4C-0D595B3135CF}.Release|Any CPU.Build.0 = Release|Any CPU
	EndGlobalSection
	GlobalSection(SolutionProperties) = preSolution
		HideSolutionNode = FALSE
	EndGlobalSection
	GlobalSection(ExtensibilityGlobals) = postSolution
		SolutionGuid = {E05BAF5D-8C0D-41E7-B89E-67D480624DEC}
	EndGlobalSection
EndGlobal
