
Microsoft Visual Studio Solution File, Format Version 12.00
# Visual Studio Version 17
VisualStudioVersion = 17.10.35004.147
MinimumVisualStudioVersion = 10.0.40219.1
Project("{FAE04EC0-301F-11D3-BF4B-00C04F79EFBC}") = "Guiao8", "Guiao8\Guiao8.csproj", "{BDE08226-A88E-4459-A1FD-1E3F5ABDE9C3}"
EndProject
Global
	GlobalSection(SolutionConfigurationPlatforms) = preSolution
		Debug|Any CPU = Debug|Any CPU
		Release|Any CPU = Release|Any CPU
	EndGlobalSection
	GlobalSection(ProjectConfigurationPlatforms) = postSolution
		{BDE08226-A88E-4459-A1FD-1E3F5ABDE9C3}.Debug|Any CPU.ActiveCfg = Debug|Any CPU
		{BDE08226-A88E-4459-A1FD-1E3F5ABDE9C3}.Debug|Any CPU.Build.0 = Debug|Any CPU
		{BDE08226-A88E-4459-A1FD-1E3F5ABDE9C3}.Release|Any CPU.ActiveCfg = Release|Any CPU
		{BDE08226-A88E-4459-A1FD-1E3F5ABDE9C3}.Release|Any CPU.Build.0 = Release|Any CPU
	EndGlobalSection
	GlobalSection(SolutionProperties) = preSolution
		HideSolutionNode = FALSE
	EndGlobalSection
	GlobalSection(ExtensibilityGlobals) = postSolution
		SolutionGuid = {6650C31E-599C-4232-8CC8-E67C0582C71A}
	EndGlobalSection
EndGlobal
